{
  "name": "testpnpmfilter",
  "version": "1.0.0",
  "lockfileVersion": 1,
  "requires": true,
  "dependencies": {
    "pnpm": {
      "version": "6.32.9",
      "resolved": "https://registry.npmjs.org/pnpm/-/pnpm-6.32.9.tgz",
      "integrity": "sha512-fU/urJXv2Q8l4n8FW4Qx54KGDTVMpa3n7azqa7i65XZtG5Mcpa35D+HTmAL/7G3u/3R9WGPG4CdLU7631Ti6aA=="
    }
  }
}
